// !$*UTF8*$!
{
	archiveVersion = 1;
	classes = {
	};
	objectVersion = 50;
	objects = {

/* Begin PBXBuildFile section */
		84293CB7259210AC0074A52D /* AppDelegate.swift in Sources */ = {isa = PBXBuildFile; fileRef = 84293CB6259210AC0074A52D /* AppDelegate.swift */; };
		84293CB9259210AC0074A52D /* SceneDelegate.swift in Sources */ = {isa = PBXBuildFile; fileRef = 84293CB8259210AC0074A52D /* SceneDelegate.swift */; };
		84293CBE259210AC0074A52D /* Main.storyboard in Resources */ = {isa = PBXBuildFile; fileRef = 84293CBC259210AC0074A52D /* Main.storyboard */; };
		84293CC0259210AD0074A52D /* Assets.xcassets in Resources */ = {isa = PBXBuildFile; fileRef = 84293CBF259210AD0074A52D /* Assets.xcassets */; };
		84293CC3259210AD0074A52D /* LaunchScreen.storyboard in Resources */ = {isa = PBXBuildFile; fileRef = 84293CC1259210AD0074A52D /* LaunchScreen.storyboard */; };
		84293CCF259243710074A52D /* PersonsListTableViewController.swift in Sources */ = {isa = PBXBuildFile; fileRef = 84293CCE259243710074A52D /* PersonsListTableViewController.swift */; };
		84293CD325924ACD0074A52D /* FullName.swift in Sources */ = {isa = PBXBuildFile; fileRef = 84293CD225924ACD0074A52D /* FullName.swift */; };
		843DEFA425938C27001A98E0 /* PersonsDetailsViewController.swift in Sources */ = {isa = PBXBuildFile; fileRef = 843DEFA325938C27001A98E0 /* PersonsDetailsViewController.swift */; };
		843DEFA92593AAE6001A98E0 /* AllDetailsPersons.swift in Sources */ = {isa = PBXBuildFile; fileRef = 843DEFA82593AAE6001A98E0 /* AllDetailsPersons.swift */; };
/* End PBXBuildFile section */

/* Begin PBXFileReference section */
		84293CB3259210AC0074A52D /* contactsList_7.app */ = {isa = PBXFileReference; explicitFileType = wrapper.application; includeInIndex = 0; path = contactsList_7.app; sourceTree = BUILT_PRODUCTS_DIR; };
		84293CB6259210AC0074A52D /* AppDelegate.swift */ = {isa = PBXFileReference; lastKnownFileType = sourcecode.swift; path = AppDelegate.swift; sourceTree = "<group>"; };
		84293CB8259210AC0074A52D /* SceneDelegate.swift */ = {isa = PBXFileReference; lastKnownFileType = sourcecode.swift; path = SceneDelegate.swift; sourceTree = "<group>"; };
		84293CBD259210AC0074A52D /* Base */ = {isa = PBXFileReference; lastKnownFileType = file.storyboard; name = Base; path = Base.lproj/Main.storyboard; sourceTree = "<group>"; };
		84293CBF259210AD0074A52D /* Assets.xcassets */ = {isa = PBXFileReference; lastKnownFileType = folder.assetcatalog; path = Assets.xcassets; sourceTree = "<group>"; };
		84293CC2259210AD0074A52D /* Base */ = {isa = PBXFileReference; lastKnownFileType = file.storyboard; name = Base; path = Base.lproj/LaunchScreen.storyboard; sourceTree = "<group>"; };
		84293CC4259210AD0074A52D /* Info.plist */ = {isa = PBXFileReference; lastKnownFileType = text.plist.xml; path = Info.plist; sourceTree = "<group>"; };
		84293CCE259243710074A52D /* PersonsListTableViewController.swift */ = {isa = PBXFileReference; lastKnownFileType = sourcecode.swift; path = PersonsListTableViewController.swift; sourceTree = "<group>"; };
		84293CD225924ACD0074A52D /* FullName.swift */ = {isa = PBXFileReference; lastKnownFileType = sourcecode.swift; path = FullName.swift; sourceTree = "<group>"; };
		843DEFA325938C27001A98E0 /* PersonsDetailsViewController.swift */ = {isa = PBXFileReference; lastKnownFileType = sourcecode.swift; path = PersonsDetailsViewController.swift; sourceTree = "<group>"; };
		843DEFA82593AAE6001A98E0 /* AllDetailsPersons.swift */ = {isa = PBXFileReference; lastKnownFileType = sourcecode.swift; path = AllDetailsPersons.swift; sourceTree = "<group>"; };
/* End PBXFileReference section */

/* Begin PBXFrameworksBuildPhase section */
		84293CB0259210AC0074A52D /* Frameworks */ = {
			isa = PBXFrameworksBuildPhase;
			buildActionMask = 2147483647;
			files = (
			);
			runOnlyForDeploymentPostprocessing = 0;
		};
/* End PBXFrameworksBuildPhase section */

/* Begin PBXGroup section */
		84293CAA259210AC0074A52D = {
			isa = PBXGroup;
			children = (
				84293CB5259210AC0074A52D /* contactsList_7 */,
				84293CB4259210AC0074A52D /* Products */,
			);
			sourceTree = "<group>";
		};
		84293CB4259210AC0074A52D /* Products */ = {
			isa = PBXGroup;
			children = (
				84293CB3259210AC0074A52D /* contactsList_7.app */,
			);
			name = Products;
			sourceTree = "<group>";
		};
		84293CB5259210AC0074A52D /* contactsList_7 */ = {
			isa = PBXGroup;
			children = (
				84293CB6259210AC0074A52D /* AppDelegate.swift */,
				84293CB8259210AC0074A52D /* SceneDelegate.swift */,
				84293CD225924ACD0074A52D /* FullName.swift */,
				84293CCE259243710074A52D /* PersonsListTableViewController.swift */,
				843DEFA325938C27001A98E0 /* PersonsDetailsViewController.swift */,
				843DEFA82593AAE6001A98E0 /* AllDetailsPersons.swift */,
				84293CBC259210AC0074A52D /* Main.storyboard */,
				84293CBF259210AD0074A52D /* Assets.xcassets */,
				84293CC1259210AD0074A52D /* LaunchScreen.storyboard */,
				84293CC4259210AD0074A52D /* Info.plist */,
			);
			path = contactsList_7;
			sourceTree = "<group>";
		};
/* End PBXGroup section */

/* Begin PBXNativeTarget section */
		84293CB2259210AC0074A52D /* contactsList_7 */ = {
			isa = PBXNativeTarget;
			buildConfigurationList = 84293CC7259210AD0074A52D /* Build configuration list for PBXNativeTarget "contactsList_7" */;
			buildPhases = (
				84293CAF259210AC0074A52D /* Sources */,
				84293CB0259210AC0074A52D /* Frameworks */,
				84293CB1259210AC0074A52D /* Resources */,
			);
			buildRules = (
			);
			dependencies = (
			);
			name = contactsList_7;
			productName = contactsList_7;
			productReference = 84293CB3259210AC0074A52D /* contactsList_7.app */;
			productType = "com.apple.product-type.application";
		};
/* End PBXNativeTarget section */

/* Begin PBXProject section */
		84293CAB259210AC0074A52D /* Project object */ = {
			isa = PBXProject;
			attributes = {
				LastSwiftUpdateCheck = 1220;
				LastUpgradeCheck = 1220;
				TargetAttributes = {
					84293CB2259210AC0074A52D = {
						CreatedOnToolsVersion = 12.2;
					};
				};
			};
			buildConfigurationList = 84293CAE259210AC0074A52D /* Build configuration list for PBXProject "contactsList_7" */;
			compatibilityVersion = "Xcode 9.3";
			developmentRegion = en;
			hasScannedForEncodings = 0;
			knownRegions = (
				en,
				Base,
			);
			mainGroup = 84293CAA259210AC0074A52D;
			productRefGroup = 84293CB4259210AC0074A52D /* Products */;
			projectDirPath = "";
			projectRoot = "";
			targets = (
				84293CB2259210AC0074A52D /* contactsList_7 */,
			);
		};
/* End PBXProject section */

/* Begin PBXResourcesBuildPhase section */
		84293CB1259210AC0074A52D /* Resources */ = {
			isa = PBXResourcesBuildPhase;
			buildActionMask = 2147483647;
			files = (
				84293CC3259210AD0074A52D /* LaunchScreen.storyboard in Resources */,
				84293CC0259210AD0074A52D /* Assets.xcassets in Resources */,
				84293CBE259210AC0074A52D /* Main.storyboard in Resources */,
			);
			runOnlyForDeploymentPostprocessing = 0;
		};
/* End PBXResourcesBuildPhase section */

/* Begin PBXSourcesBuildPhase section */
		84293CAF259210AC0074A52D /* Sources */ = {
			isa = PBXSourcesBuildPhase;
			buildActionMask = 2147483647;
			files = (
				84293CB7259210AC0074A52D /* AppDelegate.swift in Sources */,
				843DEFA425938C27001A98E0 /* PersonsDetailsViewController.swift in Sources */,
				84293CD325924ACD0074A52D /* FullName.swift in Sources */,
				843DEFA92593AAE6001A98E0 /* AllDetailsPersons.swift in Sources */,
				84293CCF259243710074A52D /* PersonsListTableViewController.swift in Sources */,
				84293CB9259210AC0074A52D /* SceneDelegate.swift in Sources */,
			);
			runOnlyForDeploymentPostprocessing = 0;
		};
/* End PBXSourcesBuildPhase section */

/* Begin PBXVariantGroup section */
		84293CBC259210AC0074A52D /* Main.storyboard */ = {
			isa = PBXVariantGroup;
			children = (
				84293CBD259210AC0074A52D /* Base */,
			);
			name = Main.storyboard;
			sourceTree = "<group>";
		};
		84293CC1259210AD0074A52D /* LaunchScreen.storyboard */ = {
			isa = PBXVariantGroup;
			children = (
				84293CC2259210AD0074A52D /* Base */,
			);
			name = LaunchScreen.storyboard;
			sourceTree = "<group>";
		};
/* End PBXVariantGroup section */

/* Begin XCBuildConfiguration section */
		84293CC5259210AD0074A52D /* Debug */ = {
			isa = XCBuildConfiguration;
			buildSettings = {
				ALWAYS_SEARCH_USER_PATHS = NO;
				CLANG_ANALYZER_NONNULL = YES;
				CLANG_ANALYZER_NUMBER_OBJECT_CONVERSION = YES_AGGRESSIVE;
				CLANG_CXX_LANGUAGE_STANDARD = "gnu++14";
				CLANG_CXX_LIBRARY = "libc++";
				CLANG_ENABLE_MODULES = YES;
				CLANG_ENABLE_OBJC_ARC = YES;
				CLANG_ENABLE_OBJC_WEAK = YES;
				CLANG_WARN_BLOCK_CAPTURE_AUTORELEASING = YES;
				CLANG_WARN_BOOL_CONVERSION = YES;
				CLANG_WARN_COMMA = YES;
				CLANG_WARN_CONSTANT_CONVERSION = YES;
				CLANG_WARN_DEPRECATED_OBJC_IMPLEMENTATIONS = YES;
				CLANG_WARN_DIRECT_OBJC_ISA_USAGE = YES_ERROR;
				CLANG_WARN_DOCUMENTATION_COMMENTS = YES;
				CLANG_WARN_EMPTY_BODY = YES;
				CLANG_WARN_ENUM_CONVERSION = YES;
				CLANG_WARN_INFINITE_RECURSION = YES;
				CLANG_WARN_INT_CONVERSION = YES;
				CLANG_WARN_NON_LITERAL_NULL_CONVERSION = YES;
				CLANG_WARN_OBJC_IMPLICIT_RETAIN_SELF = YES;
				CLANG_WARN_OBJC_LITERAL_CONVERSION = YES;
				CLANG_WARN_OBJC_ROOT_CLASS = YES_ERROR;
				CLANG_WARN_QUOTED_INCLUDE_IN_FRAMEWORK_HEADER = YES;
				CLANG_WARN_RANGE_LOOP_ANALYSIS = YES;
				CLANG_WARN_STRICT_PROTOTYPES = YES;
				CLANG_WARN_SUSPICIOUS_MOVE = YES;
				CLANG_WARN_UNGUARDED_AVAILABILITY = YES_AGGRESSIVE;
				CLANG_WARN_UNREACHABLE_CODE = YES;
				CLANG_WARN__DUPLICATE_METHOD_MATCH = YES;
				COPY_PHASE_STRIP = NO;
				DEBUG_INFORMATION_FORMAT = dwarf;
				ENABLE_STRICT_OBJC_MSGSEND = YES;
				ENABLE_TESTABILITY = YES;
				GCC_C_LANGUAGE_STANDARD = gnu11;
				GCC_DYNAMIC_NO_PIC = NO;
				GCC_NO_COMMON_BLOCKS = YES;
				GCC_OPTIMIZATION_LEVEL = 0;
				GCC_PREPROCESSOR_DEFINITIONS = (
					"DEBUG=1",
					"$(inherited)",
				);
				GCC_WARN_64_TO_32_BIT_CONVERSION = YES;
				GCC_WARN_ABOUT_RETURN_TYPE = YES_ERROR;
				GCC_WARN_UNDECLARED_SELECTOR = YES;
				GCC_WARN_UNINITIALIZED_AUTOS = YES_AGGRESSIVE;
				GCC_WARN_UNUSED_FUNCTION = YES;
				GCC_WARN_UNUSED_VARIABLE = YES;
				IPHONEOS_DEPLOYMENT_TARGET = 14.2;
				MTL_ENABLE_DEBUG_INFO = INCLUDE_SOURCE;
				MTL_FAST_MATH = YES;
				ONLY_ACTIVE_ARCH = YES;
				SDKROOT = iphoneos;
				SWIFT_ACTIVE_COMPILATION_CONDITIONS = DEBUG;
				SWIFT_OPTIMIZATION_LEVEL = "-Onone";
			};
			name = Debug;
		};
		84293CC6259210AD0074A52D /* Release */ = {
			isa = XCBuildConfiguration;
			buildSettings = {
				ALWAYS_SEARCH_USER_PATHS = NO;
				CLANG_ANALYZER_NONNULL = YES;
				CLANG_ANALYZER_NUMBER_OBJECT_CONVERSION = YES_AGGRESSIVE;
				CLANG_CXX_LANGUAGE_STANDARD = "gnu++14";
				CLANG_CXX_LIBRARY = "libc++";
				CLANG_ENABLE_MODULES = YES;
				CLANG_ENABLE_OBJC_ARC = YES;
				CLANG_ENABLE_OBJC_WEAK = YES;
				CLANG_WARN_BLOCK_CAPTURE_AUTORELEASING = YES;
				CLANG_WARN_BOOL_CONVERSION = YES;
				CLANG_WARN_COMMA = YES;
				CLANG_WARN_CONSTANT_CONVERSION = YES;
				CLANG_WARN_DEPRECATED_OBJC_IMPLEMENTATIONS = YES;
				CLANG_WARN_DIRECT_OBJC_ISA_USAGE = YES_ERROR;
				CLANG_WARN_DOCUMENTATION_COMMENTS = YES;
				CLANG_WARN_EMPTY_BODY = YES;
				CLANG_WARN_ENUM_CONVERSION = YES;
				CLANG_WARN_INFINITE_RECURSION = YES;
				CLANG_WARN_INT_CONVERSION = YES;
				CLANG_WARN_NON_LITERAL_NULL_CONVERSION = YES;
				CLANG_WARN_OBJC_IMPLICIT_RETAIN_SELF = YES;
				CLANG_WARN_OBJC_LITERAL_CONVERSION = YES;
				CLANG_WARN_OBJC_ROOT_CLASS = YES_ERROR;
				CLANG_WARN_QUOTED_INCLUDE_IN_FRAMEWORK_HEADER = YES;
				CLANG_WARN_RANGE_LOOP_ANALYSIS = YES;
				CLANG_WARN_STRICT_PROTOTYPES = YES;
				CLANG_WARN_SUSPICIOUS_MOVE = YES;
				CLANG_WARN_UNGUARDED_AVAILABILITY = YES_AGGRESSIVE;
				CLANG_WARN_UNREACHABLE_CODE = YES;
				CLANG_WARN__DUPLICATE_METHOD_MATCH = YES;
				COPY_PHASE_STRIP = NO;
				DEBUG_INFORMATION_FORMAT = "dwarf-with-dsym";
				ENABLE_NS_ASSERTIONS = NO;
				ENABLE_STRICT_OBJC_MSGSEND = YES;
				GCC_C_LANGUAGE_STANDARD = gnu11;
				GCC_NO_COMMON_BLOCKS = YES;
				GCC_WARN_64_TO_32_BIT_CONVERSION = YES;
				GCC_WARN_ABOUT_RETURN_TYPE = YES_ERROR;
				GCC_WARN_UNDECLARED_SELECTOR = YES;
				GCC_WARN_UNINITIALIZED_AUTOS = YES_AGGRESSIVE;
				GCC_WARN_UNUSED_FUNCTION = YES;
				GCC_WARN_UNUSED_VARIABLE = YES;
				IPHONEOS_DEPLOYMENT_TARGET = 14.2;
				MTL_ENABLE_DEBUG_INFO = NO;
				MTL_FAST_MATH = YES;
				SDKROOT = iphoneos;
				SWIFT_COMPILATION_MODE = wholemodule;
				SWIFT_OPTIMIZATION_LEVEL = "-O";
				VALIDATE_PRODUCT = YES;
			};
			name = Release;
		};
		84293CC8259210AD0074A52D /* Debug */ = {
			isa = XCBuildConfiguration;
			buildSettings = {
				ASSETCATALOG_COMPILER_APPICON_NAME = AppIcon;
				ASSETCATALOG_COMPILER_GLOBAL_ACCENT_COLOR_NAME = AccentColor;
				CODE_SIGN_STYLE = Automatic;
				DEVELOPMENT_TEAM = 3AVJ3NTHLV;
				INFOPLIST_FILE = contactsList_7/Info.plist;
				IPHONEOS_DEPLOYMENT_TARGET = 13.0;
				LD_RUNPATH_SEARCH_PATHS = (
					"$(inherited)",
					"@executable_path/Frameworks",
				);
				PRODUCT_BUNDLE_IDENTIFIER = "com.DJin87.contactsList-7";
				PRODUCT_NAME = "$(TARGET_NAME)";
				SWIFT_VERSION = 5.0;
				TARGETED_DEVICE_FAMILY = "1,2";
			};
			name = Debug;
		};
		84293CC9259210AD0074A52D /* Release */ = {
			isa = XCBuildConfiguration;
			buildSettings = {
				ASSETCATALOG_COMPILER_APPICON_NAME = AppIcon;
				ASSETCATALOG_COMPILER_GLOBAL_ACCENT_COLOR_NAME = AccentColor;
				CODE_SIGN_STYLE = Automatic;
				DEVELOPMENT_TEAM = 3AVJ3NTHLV;
				INFOPLIST_FILE = contactsList_7/Info.plist;
				IPHONEOS_DEPLOYMENT_TARGET = 13.0;
				LD_RUNPATH_SEARCH_PATHS = (
					"$(inherited)",
					"@executable_path/Frameworks",
				);
				PRODUCT_BUNDLE_IDENTIFIER = "com.DJin87.contactsList-7";
				PRODUCT_NAME = "$(TARGET_NAME)";
				SWIFT_VERSION = 5.0;
				TARGETED_DEVICE_FAMILY = "1,2";
			};
			name = Release;
		};
/* End XCBuildConfiguration section */

/* Begin XCConfigurationList section */
		84293CAE259210AC0074A52D /* Build configuration list for PBXProject "contactsList_7" */ = {
			isa = XCConfigurationList;
			buildConfigurations = (
				84293CC5259210AD0074A52D /* Debug */,
				84293CC6259210AD0074A52D /* Release */,
			);
			defaultConfigurationIsVisible = 0;
			defaultConfigurationName = Release;
		};
		84293CC7259210AD0074A52D /* Build configuration list for PBXNativeTarget "contactsList_7" */ = {
			isa = XCConfigurationList;
			buildConfigurations = (
				84293CC8259210AD0074A52D /* Debug */,
				84293CC9259210AD0074A52D /* Release */,
			);
			defaultConfigurationIsVisible = 0;
			defaultConfigurationName = Release;
		};
/* End XCConfigurationList section */
	};
	rootObject = 84293CAB259210AC0074A52D /* Project object */;
}
